
Microsoft Visual Studio Solution File, Format Version 12.00
# Visual Studio Version 17
VisualStudioVersion = 17.3.32922.545
MinimumVisualStudioVersion = 10.0.40219.1
Project("{9A19103F-16F7-4668-BE54-9A1E7A4F7556}") = "Entities", "Entities\Entities.csproj", "{1F77D621-FD9C-4A92-BFC3-AF1D9553DB8B}"
EndProject
Project("{9A19103F-16F7-4668-BE54-9A1E7A4F7556}") = "Business", "Buisness\Business.csproj", "{595A7CE5-BAE9-4E97-9BA9-A7D6EFF91D74}"
EndProject
Project("{9A19103F-16F7-4668-BE54-9A1E7A4F7556}") = "DataAccess", "DataAccess\DataAccess.csproj", "{D963D224-2204-4BB2-9E2C-41CFFA9D94F3}"
EndProject
Project("{FAE04EC0-301F-11D3-BF4B-00C04F79EFBC}") = "ConsoleUI", "ConsoleUI\ConsoleUI.csproj", "{035634CA-6DDD-44B3-8845-B3CAAC9A1DD7}"
EndProject
Global
	GlobalSection(SolutionConfigurationPlatforms) = preSolution
		Debug|Any CPU = Debug|Any CPU
		Release|Any CPU = Release|Any CPU
	EndGlobalSection
	GlobalSection(ProjectConfigurationPlatforms) = postSolution
		{1F77D621-FD9C-4A92-BFC3-AF1D9553DB8B}.Debug|Any CPU.ActiveCfg = Debug|Any CPU
		{1F77D621-FD9C-4A92-BFC3-AF1D9553DB8B}.Debug|Any CPU.Build.0 = Debug|Any CPU
		{1F77D621-FD9C-4A92-BFC3-AF1D9553DB8B}.Release|Any CPU.ActiveCfg = Release|Any CPU
		{1F77D621-FD9C-4A92-BFC3-AF1D9553DB8B}.Release|Any CPU.Build.0 = Release|Any CPU
		{595A7CE5-BAE9-4E97-9BA9-A7D6EFF91D74}.Debug|Any CPU.ActiveCfg = Debug|Any CPU
		{595A7CE5-BAE9-4E97-9BA9-A7D6EFF91D74}.Debug|Any CPU.Build.0 = Debug|Any CPU
		{595A7CE5-BAE9-4E97-9BA9-A7D6EFF91D74}.Release|Any CPU.ActiveCfg = Release|Any CPU
		{595A7CE5-BAE9-4E97-9BA9-A7D6EFF91D74}.Release|Any CPU.Build.0 = Release|Any CPU
		{D963D224-2204-4BB2-9E2C-41CFFA9D94F3}.Debug|Any CPU.ActiveCfg = Debug|Any CPU
		{D963D224-2204-4BB2-9E2C-41CFFA9D94F3}.Debug|Any CPU.Build.0 = Debug|Any CPU
		{D963D224-2204-4BB2-9E2C-41CFFA9D94F3}.Release|Any CPU.ActiveCfg = Release|Any CPU
		{D963D224-2204-4BB2-9E2C-41CFFA9D94F3}.Release|Any CPU.Build.0 = Release|Any CPU
		{035634CA-6DDD-44B3-8845-B3CAAC9A1DD7}.Debug|Any CPU.ActiveCfg = Debug|Any CPU
		{035634CA-6DDD-44B3-8845-B3CAAC9A1DD7}.Debug|Any CPU.Build.0 = Debug|Any CPU
		{035634CA-6DDD-44B3-8845-B3CAAC9A1DD7}.Release|Any CPU.ActiveCfg = Release|Any CPU
		{035634CA-6DDD-44B3-8845-B3CAAC9A1DD7}.Release|Any CPU.Build.0 = Release|Any CPU
	EndGlobalSection
	GlobalSection(SolutionProperties) = preSolution
		HideSolutionNode = FALSE
	EndGlobalSection
	GlobalSection(ExtensibilityGlobals) = postSolution
		SolutionGuid = {9187831F-40B5-42A8-95B6-3815BD1E7767}
	EndGlobalSection
EndGlobal
